
Microsoft Visual Studio Solution File, Format Version 12.00
# Visual Studio Version 17
VisualStudioVersion = 17.13.35931.197
MinimumVisualStudioVersion = 10.0.40219.1
Project("{2150E333-8FDC-42A3-9474-1A3956D46DE8}") = "Sources", "Sources", "{02EA681E-C7D8-13C7-8484-4AC65E1B71E8}"
EndProject
Project("{2150E333-8FDC-42A3-9474-1A3956D46DE8}") = "Tests", "Tests", "{B8E22BC0-0DF6-4554-8B04-36364DA4FB86}"
EndProject
Project("{2150E333-8FDC-42A3-9474-1A3956D46DE8}") = "Unit", "Unit", "{E49AAD4B-3101-4C90-BEA4-4C328EFFF13D}"
EndProject
Project("{2150E333-8FDC-42A3-9474-1A3956D46DE8}") = "Contract", "Contract", "{54D228CF-AE71-464F-82D8-D68EC516C23C}"
EndProject
Project("{FAE04EC0-301F-11D3-BF4B-00C04F79EFBC}") = "ByGameApi.Api", "src\Api\ByGameApi.Api.csproj", "{EA057A35-F576-42D2-E334-E892A441D443}"
EndProject
Project("{FAE04EC0-301F-11D3-BF4B-00C04F79EFBC}") = "ByGameApi.Application", "src\Application\ByGameApi.Application.csproj", "{D7157886-9A41-2694-3345-753442BD0F2D}"
EndProject
Project("{FAE04EC0-301F-11D3-BF4B-00C04F79EFBC}") = "ByGameApi.Domain", "src\Domain\ByGameApi.Domain.csproj", "{958FAD06-BDE8-C3EB-99B6-B9F474D4700E}"
EndProject
Project("{FAE04EC0-301F-11D3-BF4B-00C04F79EFBC}") = "ByGameApi.Infrastructure", "src\Infrastructure\ByGameApi.Infrastructure.csproj", "{01DDB638-37AA-A321-BBB5-3BBFB37DB899}"
EndProject
Project("{FAE04EC0-301F-11D3-BF4B-00C04F79EFBC}") = "ByGameApi.Tests.Contract", "tests\Contract\ByGameApi.Tests.Contract.csproj", "{88A7FE22-C8BB-EA79-6BC6-4E90EB68EF5B}"
EndProject
Project("{FAE04EC0-301F-11D3-BF4B-00C04F79EFBC}") = "ByGameApi.Tests.Unit", "tests\Unit\ByGameApi.Tests.Unit.csproj", "{432A3322-4184-656C-0089-9471A16EE6E9}"
EndProject
Global
	GlobalSection(SolutionConfigurationPlatforms) = preSolution
		Debug|Any CPU = Debug|Any CPU
		Release|Any CPU = Release|Any CPU
	EndGlobalSection
	GlobalSection(ProjectConfigurationPlatforms) = postSolution
		{EA057A35-F576-42D2-E334-E892A441D443}.Debug|Any CPU.ActiveCfg = Debug|Any CPU
		{EA057A35-F576-42D2-E334-E892A441D443}.Debug|Any CPU.Build.0 = Debug|Any CPU
		{EA057A35-F576-42D2-E334-E892A441D443}.Release|Any CPU.ActiveCfg = Release|Any CPU
		{EA057A35-F576-42D2-E334-E892A441D443}.Release|Any CPU.Build.0 = Release|Any CPU
		{D7157886-9A41-2694-3345-753442BD0F2D}.Debug|Any CPU.ActiveCfg = Debug|Any CPU
		{D7157886-9A41-2694-3345-753442BD0F2D}.Debug|Any CPU.Build.0 = Debug|Any CPU
		{D7157886-9A41-2694-3345-753442BD0F2D}.Release|Any CPU.ActiveCfg = Release|Any CPU
		{D7157886-9A41-2694-3345-753442BD0F2D}.Release|Any CPU.Build.0 = Release|Any CPU
		{958FAD06-BDE8-C3EB-99B6-B9F474D4700E}.Debug|Any CPU.ActiveCfg = Debug|Any CPU
		{958FAD06-BDE8-C3EB-99B6-B9F474D4700E}.Debug|Any CPU.Build.0 = Debug|Any CPU
		{958FAD06-BDE8-C3EB-99B6-B9F474D4700E}.Release|Any CPU.ActiveCfg = Release|Any CPU
		{958FAD06-BDE8-C3EB-99B6-B9F474D4700E}.Release|Any CPU.Build.0 = Release|Any CPU
		{01DDB638-37AA-A321-BBB5-3BBFB37DB899}.Debug|Any CPU.ActiveCfg = Debug|Any CPU
		{01DDB638-37AA-A321-BBB5-3BBFB37DB899}.Debug|Any CPU.Build.0 = Debug|Any CPU
		{01DDB638-37AA-A321-BBB5-3BBFB37DB899}.Release|Any CPU.ActiveCfg = Release|Any CPU
		{01DDB638-37AA-A321-BBB5-3BBFB37DB899}.Release|Any CPU.Build.0 = Release|Any CPU
		{88A7FE22-C8BB-EA79-6BC6-4E90EB68EF5B}.Debug|Any CPU.ActiveCfg = Debug|Any CPU
		{88A7FE22-C8BB-EA79-6BC6-4E90EB68EF5B}.Debug|Any CPU.Build.0 = Debug|Any CPU
		{88A7FE22-C8BB-EA79-6BC6-4E90EB68EF5B}.Release|Any CPU.ActiveCfg = Release|Any CPU
		{88A7FE22-C8BB-EA79-6BC6-4E90EB68EF5B}.Release|Any CPU.Build.0 = Release|Any CPU
		{432A3322-4184-656C-0089-9471A16EE6E9}.Debug|Any CPU.ActiveCfg = Debug|Any CPU
		{432A3322-4184-656C-0089-9471A16EE6E9}.Debug|Any CPU.Build.0 = Debug|Any CPU
		{432A3322-4184-656C-0089-9471A16EE6E9}.Release|Any CPU.ActiveCfg = Release|Any CPU
		{432A3322-4184-656C-0089-9471A16EE6E9}.Release|Any CPU.Build.0 = Release|Any CPU
	EndGlobalSection
	GlobalSection(SolutionProperties) = preSolution
		HideSolutionNode = FALSE
	EndGlobalSection
	GlobalSection(NestedProjects) = preSolution
		{E49AAD4B-3101-4C90-BEA4-4C328EFFF13D} = {B8E22BC0-0DF6-4554-8B04-36364DA4FB86}
		{54D228CF-AE71-464F-82D8-D68EC516C23C} = {B8E22BC0-0DF6-4554-8B04-36364DA4FB86}
		{EA057A35-F576-42D2-E334-E892A441D443} = {02EA681E-C7D8-13C7-8484-4AC65E1B71E8}
		{D7157886-9A41-2694-3345-753442BD0F2D} = {02EA681E-C7D8-13C7-8484-4AC65E1B71E8}
		{958FAD06-BDE8-C3EB-99B6-B9F474D4700E} = {02EA681E-C7D8-13C7-8484-4AC65E1B71E8}
		{01DDB638-37AA-A321-BBB5-3BBFB37DB899} = {02EA681E-C7D8-13C7-8484-4AC65E1B71E8}
		{88A7FE22-C8BB-EA79-6BC6-4E90EB68EF5B} = {54D228CF-AE71-464F-82D8-D68EC516C23C}
		{432A3322-4184-656C-0089-9471A16EE6E9} = {E49AAD4B-3101-4C90-BEA4-4C328EFFF13D}
	EndGlobalSection
	GlobalSection(ExtensibilityGlobals) = postSolution
		SolutionGuid = {56AB6A08-380F-47A4-ADB3-9AABAE8B02FB}
	EndGlobalSection
EndGlobal
